
Microsoft Visual Studio Solution File, Format Version 12.00
# Visual Studio 15
VisualStudioVersion = 15.0.26823.1
MinimumVisualStudioVersion = 10.0.40219.1
Project("{FAE04EC0-301F-11D3-BF4B-00C04F79EFBC}") = "Kata20170828_GoodvsEvil", "Kata20170828_GoodvsEvil\Kata20170828_GoodvsEvil.csproj", "{7039851E-B196-452A-A41C-0CB61FEEAFE8}"
EndProject
Global
	GlobalSection(SolutionConfigurationPlatforms) = preSolution
		Debug|Any CPU = Debug|Any CPU
		Release|Any CPU = Release|Any CPU
	EndGlobalSection
	GlobalSection(ProjectConfigurationPlatforms) = postSolution
		{7039851E-B196-452A-A41C-0CB61FEEAFE8}.Debug|Any CPU.ActiveCfg = Debug|Any CPU
		{7039851E-B196-452A-A41C-0CB61FEEAFE8}.Debug|Any CPU.Build.0 = Debug|Any CPU
		{7039851E-B196-452A-A41C-0CB61FEEAFE8}.Release|Any CPU.ActiveCfg = Release|Any CPU
		{7039851E-B196-452A-A41C-0CB61FEEAFE8}.Release|Any CPU.Build.0 = Release|Any CPU
	EndGlobalSection
	GlobalSection(SolutionProperties) = preSolution
		HideSolutionNode = FALSE
	EndGlobalSection
	GlobalSection(ExtensibilityGlobals) = postSolution
		SolutionGuid = {2FE03888-14E6-49BA-A9F7-97223B954A00}
	EndGlobalSection
	GlobalSection(CodealikeProperties) = postSolution
		SolutionGuid = 9a833b99-3036-4084-af1e-963bc32c0fa0
	EndGlobalSection
EndGlobal
